// !$*UTF8*$!
{
	archiveVersion = 1;
	classes = {
	};
	objectVersion = 55;
	objects = {

/* Begin PBXBuildFile section */
		3856E5C727B1C427005E81ED /* Tests_iOS.swift in Sources */ = {isa = PBXBuildFile; fileRef = 3856E5C627B1C427005E81ED /* Tests_iOS.swift */; };
		3856E5C927B1C427005E81ED /* Tests_iOSLaunchTests.swift in Sources */ = {isa = PBXBuildFile; fileRef = 3856E5C827B1C427005E81ED /* Tests_iOSLaunchTests.swift */; };
		3856E5D327B1C427005E81ED /* Tests_macOS.swift in Sources */ = {isa = PBXBuildFile; fileRef = 3856E5D227B1C427005E81ED /* Tests_macOS.swift */; };
		3856E5D527B1C427005E81ED /* Tests_macOSLaunchTests.swift in Sources */ = {isa = PBXBuildFile; fileRef = 3856E5D427B1C427005E81ED /* Tests_macOSLaunchTests.swift */; };
		3856E5D627B1C427005E81ED /* GuitarCloset.xcdatamodeld in Sources */ = {isa = PBXBuildFile; fileRef = 3856E5AB27B1C426005E81ED /* GuitarCloset.xcdatamodeld */; };
		3856E5D727B1C427005E81ED /* GuitarCloset.xcdatamodeld in Sources */ = {isa = PBXBuildFile; fileRef = 3856E5AB27B1C426005E81ED /* GuitarCloset.xcdatamodeld */; };
		3856E5D827B1C427005E81ED /* GuitarClosetApp.swift in Sources */ = {isa = PBXBuildFile; fileRef = 3856E5AD27B1C426005E81ED /* GuitarClosetApp.swift */; };
		3856E5D927B1C427005E81ED /* GuitarClosetApp.swift in Sources */ = {isa = PBXBuildFile; fileRef = 3856E5AD27B1C426005E81ED /* GuitarClosetApp.swift */; };
		3856E5DA27B1C427005E81ED /* ContentView.swift in Sources */ = {isa = PBXBuildFile; fileRef = 3856E5AE27B1C426005E81ED /* ContentView.swift */; };
		3856E5DB27B1C427005E81ED /* ContentView.swift in Sources */ = {isa = PBXBuildFile; fileRef = 3856E5AE27B1C426005E81ED /* ContentView.swift */; };
		3856E5DC27B1C427005E81ED /* Persistence.swift in Sources */ = {isa = PBXBuildFile; fileRef = 3856E5AF27B1C426005E81ED /* Persistence.swift */; };
		3856E5DD27B1C427005E81ED /* Persistence.swift in Sources */ = {isa = PBXBuildFile; fileRef = 3856E5AF27B1C426005E81ED /* Persistence.swift */; };
		3856E5DE27B1C427005E81ED /* Assets.xcassets in Resources */ = {isa = PBXBuildFile; fileRef = 3856E5B027B1C427005E81ED /* Assets.xcassets */; };
		3856E5DF27B1C427005E81ED /* Assets.xcassets in Resources */ = {isa = PBXBuildFile; fileRef = 3856E5B027B1C427005E81ED /* Assets.xcassets */; };
/* End PBXBuildFile section */

/* Begin PBXContainerItemProxy section */
		3856E5C327B1C427005E81ED /* PBXContainerItemProxy */ = {
			isa = PBXContainerItemProxy;
			containerPortal = 3856E5A627B1C426005E81ED /* Project object */;
			proxyType = 1;
			remoteGlobalIDString = 3856E5B427B1C427005E81ED;
			remoteInfo = "GuitarCloset (iOS)";
		};
		3856E5CF27B1C427005E81ED /* PBXContainerItemProxy */ = {
			isa = PBXContainerItemProxy;
			containerPortal = 3856E5A627B1C426005E81ED /* Project object */;
			proxyType = 1;
			remoteGlobalIDString = 3856E5BA27B1C427005E81ED;
			remoteInfo = "GuitarCloset (macOS)";
		};
/* End PBXContainerItemProxy section */

/* Begin PBXFileReference section */
		3856E5AC27B1C426005E81ED /* Shared.xcdatamodel */ = {isa = PBXFileReference; lastKnownFileType = wrapper.xcdatamodel; path = Shared.xcdatamodel; sourceTree = "<group>"; };
		3856E5AD27B1C426005E81ED /* GuitarClosetApp.swift */ = {isa = PBXFileReference; lastKnownFileType = sourcecode.swift; path = GuitarClosetApp.swift; sourceTree = "<group>"; };
		3856E5AE27B1C426005E81ED /* ContentView.swift */ = {isa = PBXFileReference; lastKnownFileType = sourcecode.swift; path = ContentView.swift; sourceTree = "<group>"; };
		3856E5AF27B1C426005E81ED /* Persistence.swift */ = {isa = PBXFileReference; lastKnownFileType = sourcecode.swift; path = Persistence.swift; sourceTree = "<group>"; };
		3856E5B027B1C427005E81ED /* Assets.xcassets */ = {isa = PBXFileReference; lastKnownFileType = folder.assetcatalog; path = Assets.xcassets; sourceTree = "<group>"; };
		3856E5B527B1C427005E81ED /* GuitarCloset.app */ = {isa = PBXFileReference; explicitFileType = wrapper.application; includeInIndex = 0; path = GuitarCloset.app; sourceTree = BUILT_PRODUCTS_DIR; };
		3856E5BB27B1C427005E81ED /* GuitarCloset.app */ = {isa = PBXFileReference; explicitFileType = wrapper.application; includeInIndex = 0; path = GuitarCloset.app; sourceTree = BUILT_PRODUCTS_DIR; };
		3856E5BD27B1C427005E81ED /* macOS.entitlements */ = {isa = PBXFileReference; lastKnownFileType = text.plist.entitlements; path = macOS.entitlements; sourceTree = "<group>"; };
		3856E5C227B1C427005E81ED /* Tests iOS.xctest */ = {isa = PBXFileReference; explicitFileType = wrapper.cfbundle; includeInIndex = 0; path = "Tests iOS.xctest"; sourceTree = BUILT_PRODUCTS_DIR; };
		3856E5C627B1C427005E81ED /* Tests_iOS.swift */ = {isa = PBXFileReference; lastKnownFileType = sourcecode.swift; path = Tests_iOS.swift; sourceTree = "<group>"; };
		3856E5C827B1C427005E81ED /* Tests_iOSLaunchTests.swift */ = {isa = PBXFileReference; lastKnownFileType = sourcecode.swift; path = Tests_iOSLaunchTests.swift; sourceTree = "<group>"; };
		3856E5CE27B1C427005E81ED /* Tests macOS.xctest */ = {isa = PBXFileReference; explicitFileType = wrapper.cfbundle; includeInIndex = 0; path = "Tests macOS.xctest"; sourceTree = BUILT_PRODUCTS_DIR; };
		3856E5D227B1C427005E81ED /* Tests_macOS.swift */ = {isa = PBXFileReference; lastKnownFileType = sourcecode.swift; path = Tests_macOS.swift; sourceTree = "<group>"; };
		3856E5D427B1C427005E81ED /* Tests_macOSLaunchTests.swift */ = {isa = PBXFileReference; lastKnownFileType = sourcecode.swift; path = Tests_macOSLaunchTests.swift; sourceTree = "<group>"; };
/* End PBXFileReference section */

/* Begin PBXFrameworksBuildPhase section */
		3856E5B227B1C427005E81ED /* Frameworks */ = {
			isa = PBXFrameworksBuildPhase;
			buildActionMask = 2147483647;
			files = (
			);
			runOnlyForDeploymentPostprocessing = 0;
		};
		3856E5B827B1C427005E81ED /* Frameworks */ = {
			isa = PBXFrameworksBuildPhase;
			buildActionMask = 2147483647;
			files = (
			);
			runOnlyForDeploymentPostprocessing = 0;
		};
		3856E5BF27B1C427005E81ED /* Frameworks */ = {
			isa = PBXFrameworksBuildPhase;
			buildActionMask = 2147483647;
			files = (
			);
			runOnlyForDeploymentPostprocessing = 0;
		};
		3856E5CB27B1C427005E81ED /* Frameworks */ = {
			isa = PBXFrameworksBuildPhase;
			buildActionMask = 2147483647;
			files = (
			);
			runOnlyForDeploymentPostprocessing = 0;
		};
/* End PBXFrameworksBuildPhase section */

/* Begin PBXGroup section */
		3856E5A527B1C426005E81ED = {
			isa = PBXGroup;
			children = (
				3856E5AA27B1C426005E81ED /* Shared */,
				3856E5BC27B1C427005E81ED /* macOS */,
				3856E5C527B1C427005E81ED /* Tests iOS */,
				3856E5D127B1C427005E81ED /* Tests macOS */,
				3856E5B627B1C427005E81ED /* Products */,
			);
			sourceTree = "<group>";
		};
		3856E5AA27B1C426005E81ED /* Shared */ = {
			isa = PBXGroup;
			children = (
				3856E5AD27B1C426005E81ED /* GuitarClosetApp.swift */,
				3856E5AE27B1C426005E81ED /* ContentView.swift */,
				3856E5AF27B1C426005E81ED /* Persistence.swift */,
				3856E5B027B1C427005E81ED /* Assets.xcassets */,
				3856E5AB27B1C426005E81ED /* GuitarCloset.xcdatamodeld */,
			);
			path = Shared;
			sourceTree = "<group>";
		};
		3856E5B627B1C427005E81ED /* Products */ = {
			isa = PBXGroup;
			children = (
				3856E5B527B1C427005E81ED /* GuitarCloset.app */,
				3856E5BB27B1C427005E81ED /* GuitarCloset.app */,
				3856E5C227B1C427005E81ED /* Tests iOS.xctest */,
				3856E5CE27B1C427005E81ED /* Tests macOS.xctest */,
			);
			name = Products;
			sourceTree = "<group>";
		};
		3856E5BC27B1C427005E81ED /* macOS */ = {
			isa = PBXGroup;
			children = (
				3856E5BD27B1C427005E81ED /* macOS.entitlements */,
			);
			path = macOS;
			sourceTree = "<group>";
		};
		3856E5C527B1C427005E81ED /* Tests iOS */ = {
			isa = PBXGroup;
			children = (
				3856E5C627B1C427005E81ED /* Tests_iOS.swift */,
				3856E5C827B1C427005E81ED /* Tests_iOSLaunchTests.swift */,
			);
			path = "Tests iOS";
			sourceTree = "<group>";
		};
		3856E5D127B1C427005E81ED /* Tests macOS */ = {
			isa = PBXGroup;
			children = (
				3856E5D227B1C427005E81ED /* Tests_macOS.swift */,
				3856E5D427B1C427005E81ED /* Tests_macOSLaunchTests.swift */,
			);
			path = "Tests macOS";
			sourceTree = "<group>";
		};
/* End PBXGroup section */

/* Begin PBXNativeTarget section */
		3856E5B427B1C427005E81ED /* GuitarCloset (iOS) */ = {
			isa = PBXNativeTarget;
			buildConfigurationList = 3856E5E227B1C427005E81ED /* Build configuration list for PBXNativeTarget "GuitarCloset (iOS)" */;
			buildPhases = (
				3856E5B127B1C427005E81ED /* Sources */,
				3856E5B227B1C427005E81ED /* Frameworks */,
				3856E5B327B1C427005E81ED /* Resources */,
			);
			buildRules = (
			);
			dependencies = (
			);
			name = "GuitarCloset (iOS)";
			productName = "GuitarCloset (iOS)";
			productReference = 3856E5B527B1C427005E81ED /* GuitarCloset.app */;
			productType = "com.apple.product-type.application";
		};
		3856E5BA27B1C427005E81ED /* GuitarCloset (macOS) */ = {
			isa = PBXNativeTarget;
			buildConfigurationList = 3856E5E527B1C427005E81ED /* Build configuration list for PBXNativeTarget "GuitarCloset (macOS)" */;
			buildPhases = (
				3856E5B727B1C427005E81ED /* Sources */,
				3856E5B827B1C427005E81ED /* Frameworks */,
				3856E5B927B1C427005E81ED /* Resources */,
			);
			buildRules = (
			);
			dependencies = (
			);
			name = "GuitarCloset (macOS)";
			productName = "GuitarCloset (macOS)";
			productReference = 3856E5BB27B1C427005E81ED /* GuitarCloset.app */;
			productType = "com.apple.product-type.application";
		};
		3856E5C127B1C427005E81ED /* Tests iOS */ = {
			isa = PBXNativeTarget;
			buildConfigurationList = 3856E5E827B1C427005E81ED /* Build configuration list for PBXNativeTarget "Tests iOS" */;
			buildPhases = (
				3856E5BE27B1C427005E81ED /* Sources */,
				3856E5BF27B1C427005E81ED /* Frameworks */,
				3856E5C027B1C427005E81ED /* Resources */,
			);
			buildRules = (
			);
			dependencies = (
				3856E5C427B1C427005E81ED /* PBXTargetDependency */,
			);
			name = "Tests iOS";
			productName = "Tests iOS";
			productReference = 3856E5C227B1C427005E81ED /* Tests iOS.xctest */;
			productType = "com.apple.product-type.bundle.ui-testing";
		};
		3856E5CD27B1C427005E81ED /* Tests macOS */ = {
			isa = PBXNativeTarget;
			buildConfigurationList = 3856E5EB27B1C427005E81ED /* Build configuration list for PBXNativeTarget "Tests macOS" */;
			buildPhases = (
				3856E5CA27B1C427005E81ED /* Sources */,
				3856E5CB27B1C427005E81ED /* Frameworks */,
				3856E5CC27B1C427005E81ED /* Resources */,
			);
			buildRules = (
			);
			dependencies = (
				3856E5D027B1C427005E81ED /* PBXTargetDependency */,
			);
			name = "Tests macOS";
			productName = "Tests macOS";
			productReference = 3856E5CE27B1C427005E81ED /* Tests macOS.xctest */;
			productType = "com.apple.product-type.bundle.ui-testing";
		};
/* End PBXNativeTarget section */

/* Begin PBXProject section */
		3856E5A627B1C426005E81ED /* Project object */ = {
			isa = PBXProject;
			attributes = {
				BuildIndependentTargetsInParallel = 1;
				LastSwiftUpdateCheck = 1320;
				LastUpgradeCheck = 1320;
				TargetAttributes = {
					3856E5B427B1C427005E81ED = {
						CreatedOnToolsVersion = 13.2.1;
					};
					3856E5BA27B1C427005E81ED = {
						CreatedOnToolsVersion = 13.2.1;
					};
					3856E5C127B1C427005E81ED = {
						CreatedOnToolsVersion = 13.2.1;
						TestTargetID = 3856E5B427B1C427005E81ED;
					};
					3856E5CD27B1C427005E81ED = {
						CreatedOnToolsVersion = 13.2.1;
						TestTargetID = 3856E5BA27B1C427005E81ED;
					};
				};
			};
			buildConfigurationList = 3856E5A927B1C426005E81ED /* Build configuration list for PBXProject "GuitarCloset" */;
			compatibilityVersion = "Xcode 13.0";
			developmentRegion = en;
			hasScannedForEncodings = 0;
			knownRegions = (
				en,
				Base,
			);
			mainGroup = 3856E5A527B1C426005E81ED;
			productRefGroup = 3856E5B627B1C427005E81ED /* Products */;
			projectDirPath = "";
			projectRoot = "";
			targets = (
				3856E5B427B1C427005E81ED /* GuitarCloset (iOS) */,
				3856E5BA27B1C427005E81ED /* GuitarCloset (macOS) */,
				3856E5C127B1C427005E81ED /* Tests iOS */,
				3856E5CD27B1C427005E81ED /* Tests macOS */,
			);
		};
/* End PBXProject section */

/* Begin PBXResourcesBuildPhase section */
		3856E5B327B1C427005E81ED /* Resources */ = {
			isa = PBXResourcesBuildPhase;
			buildActionMask = 2147483647;
			files = (
				3856E5DE27B1C427005E81ED /* Assets.xcassets in Resources */,
			);
			runOnlyForDeploymentPostprocessing = 0;
		};
		3856E5B927B1C427005E81ED /* Resources */ = {
			isa = PBXResourcesBuildPhase;
			buildActionMask = 2147483647;
			files = (
				3856E5DF27B1C427005E81ED /* Assets.xcassets in Resources */,
			);
			runOnlyForDeploymentPostprocessing = 0;
		};
		3856E5C027B1C427005E81ED /* Resources */ = {
			isa = PBXResourcesBuildPhase;
			buildActionMask = 2147483647;
			files = (
			);
			runOnlyForDeploymentPostprocessing = 0;
		};
		3856E5CC27B1C427005E81ED /* Resources */ = {
			isa = PBXResourcesBuildPhase;
			buildActionMask = 2147483647;
			files = (
			);
			runOnlyForDeploymentPostprocessing = 0;
		};
/* End PBXResourcesBuildPhase section */

/* Begin PBXSourcesBuildPhase section */
		3856E5B127B1C427005E81ED /* Sources */ = {
			isa = PBXSourcesBuildPhase;
			buildActionMask = 2147483647;
			files = (
				3856E5D627B1C427005E81ED /* GuitarCloset.xcdatamodeld in Sources */,
				3856E5DC27B1C427005E81ED /* Persistence.swift in Sources */,
				3856E5D827B1C427005E81ED /* GuitarClosetApp.swift in Sources */,
				3856E5DA27B1C427005E81ED /* ContentView.swift in Sources */,
			);
			runOnlyForDeploymentPostprocessing = 0;
		};
		3856E5B727B1C427005E81ED /* Sources */ = {
			isa = PBXSourcesBuildPhase;
			buildActionMask = 2147483647;
			files = (
				3856E5D727B1C427005E81ED /* GuitarCloset.xcdatamodeld in Sources */,
				3856E5DD27B1C427005E81ED /* Persistence.swift in Sources */,
				3856E5D927B1C427005E81ED /* GuitarClosetApp.swift in Sources */,
				3856E5DB27B1C427005E81ED /* ContentView.swift in Sources */,
			);
			runOnlyForDeploymentPostprocessing = 0;
		};
		3856E5BE27B1C427005E81ED /* Sources */ = {
			isa = PBXSourcesBuildPhase;
			buildActionMask = 2147483647;
			files = (
				3856E5C927B1C427005E81ED /* Tests_iOSLaunchTests.swift in Sources */,
				3856E5C727B1C427005E81ED /* Tests_iOS.swift in Sources */,
			);
			runOnlyForDeploymentPostprocessing = 0;
		};
		3856E5CA27B1C427005E81ED /* Sources */ = {
			isa = PBXSourcesBuildPhase;
			buildActionMask = 2147483647;
			files = (
				3856E5D527B1C427005E81ED /* Tests_macOSLaunchTests.swift in Sources */,
				3856E5D327B1C427005E81ED /* Tests_macOS.swift in Sources */,
			);
			runOnlyForDeploymentPostprocessing = 0;
		};
/* End PBXSourcesBuildPhase section */

/* Begin PBXTargetDependency section */
		3856E5C427B1C427005E81ED /* PBXTargetDependency */ = {
			isa = PBXTargetDependency;
			target = 3856E5B427B1C427005E81ED /* GuitarCloset (iOS) */;
			targetProxy = 3856E5C327B1C427005E81ED /* PBXContainerItemProxy */;
		};
		3856E5D027B1C427005E81ED /* PBXTargetDependency */ = {
			isa = PBXTargetDependency;
			target = 3856E5BA27B1C427005E81ED /* GuitarCloset (macOS) */;
			targetProxy = 3856E5CF27B1C427005E81ED /* PBXContainerItemProxy */;
		};
/* End PBXTargetDependency section */

/* Begin XCBuildConfiguration section */
		3856E5E027B1C427005E81ED /* Debug */ = {
			isa = XCBuildConfiguration;
			buildSettings = {
				ALWAYS_SEARCH_USER_PATHS = NO;
				CLANG_ANALYZER_NONNULL = YES;
				CLANG_ANALYZER_NUMBER_OBJECT_CONVERSION = YES_AGGRESSIVE;
				CLANG_CXX_LANGUAGE_STANDARD = "gnu++17";
				CLANG_CXX_LIBRARY = "libc++";
				CLANG_ENABLE_MODULES = YES;
				CLANG_ENABLE_OBJC_ARC = YES;
				CLANG_ENABLE_OBJC_WEAK = YES;
				CLANG_WARN_BLOCK_CAPTURE_AUTORELEASING = YES;
				CLANG_WARN_BOOL_CONVERSION = YES;
				CLANG_WARN_COMMA = YES;
				CLANG_WARN_CONSTANT_CONVERSION = YES;
				CLANG_WARN_DEPRECATED_OBJC_IMPLEMENTATIONS = YES;
				CLANG_WARN_DIRECT_OBJC_ISA_USAGE = YES_ERROR;
				CLANG_WARN_DOCUMENTATION_COMMENTS = YES;
				CLANG_WARN_EMPTY_BODY = YES;
				CLANG_WARN_ENUM_CONVERSION = YES;
				CLANG_WARN_INFINITE_RECURSION = YES;
				CLANG_WARN_INT_CONVERSION = YES;
				CLANG_WARN_NON_LITERAL_NULL_CONVERSION = YES;
				CLANG_WARN_OBJC_IMPLICIT_RETAIN_SELF = YES;
				CLANG_WARN_OBJC_LITERAL_CONVERSION = YES;
				CLANG_WARN_OBJC_ROOT_CLASS = YES_ERROR;
				CLANG_WARN_QUOTED_INCLUDE_IN_FRAMEWORK_HEADER = YES;
				CLANG_WARN_RANGE_LOOP_ANALYSIS = YES;
				CLANG_WARN_STRICT_PROTOTYPES = YES;
				CLANG_WARN_SUSPICIOUS_MOVE = YES;
				CLANG_WARN_UNGUARDED_AVAILABILITY = YES_AGGRESSIVE;
				CLANG_WARN_UNREACHABLE_CODE = YES;
				CLANG_WARN__DUPLICATE_METHOD_MATCH = YES;
				COPY_PHASE_STRIP = NO;
				DEBUG_INFORMATION_FORMAT = dwarf;
				ENABLE_STRICT_OBJC_MSGSEND = YES;
				ENABLE_TESTABILITY = YES;
				GCC_C_LANGUAGE_STANDARD = gnu11;
				GCC_DYNAMIC_NO_PIC = NO;
				GCC_NO_COMMON_BLOCKS = YES;
				GCC_OPTIMIZATION_LEVEL = 0;
				GCC_PREPROCESSOR_DEFINITIONS = (
					"DEBUG=1",
					"$(inherited)",
				);
				GCC_WARN_64_TO_32_BIT_CONVERSION = YES;
				GCC_WARN_ABOUT_RETURN_TYPE = YES_ERROR;
				GCC_WARN_UNDECLARED_SELECTOR = YES;
				GCC_WARN_UNINITIALIZED_AUTOS = YES_AGGRESSIVE;
				GCC_WARN_UNUSED_FUNCTION = YES;
				GCC_WARN_UNUSED_VARIABLE = YES;
				MTL_ENABLE_DEBUG_INFO = INCLUDE_SOURCE;
				MTL_FAST_MATH = YES;
				ONLY_ACTIVE_ARCH = YES;
				SWIFT_ACTIVE_COMPILATION_CONDITIONS = DEBUG;
				SWIFT_OPTIMIZATION_LEVEL = "-Onone";
			};
			name = Debug;
		};
		3856E5E127B1C427005E81ED /* Release */ = {
			isa = XCBuildConfiguration;
			buildSettings = {
				ALWAYS_SEARCH_USER_PATHS = NO;
				CLANG_ANALYZER_NONNULL = YES;
				CLANG_ANALYZER_NUMBER_OBJECT_CONVERSION = YES_AGGRESSIVE;
				CLANG_CXX_LANGUAGE_STANDARD = "gnu++17";
				CLANG_CXX_LIBRARY = "libc++";
				CLANG_ENABLE_MODULES = YES;
				CLANG_ENABLE_OBJC_ARC = YES;
				CLANG_ENABLE_OBJC_WEAK = YES;
				CLANG_WARN_BLOCK_CAPTURE_AUTORELEASING = YES;
				CLANG_WARN_BOOL_CONVERSION = YES;
				CLANG_WARN_COMMA = YES;
				CLANG_WARN_CONSTANT_CONVERSION = YES;
				CLANG_WARN_DEPRECATED_OBJC_IMPLEMENTATIONS = YES;
				CLANG_WARN_DIRECT_OBJC_ISA_USAGE = YES_ERROR;
				CLANG_WARN_DOCUMENTATION_COMMENTS = YES;
				CLANG_WARN_EMPTY_BODY = YES;
				CLANG_WARN_ENUM_CONVERSION = YES;
				CLANG_WARN_INFINITE_RECURSION = YES;
				CLANG_WARN_INT_CONVERSION = YES;
				CLANG_WARN_NON_LITERAL_NULL_CONVERSION = YES;
				CLANG_WARN_OBJC_IMPLICIT_RETAIN_SELF = YES;
				CLANG_WARN_OBJC_LITERAL_CONVERSION = YES;
				CLANG_WARN_OBJC_ROOT_CLASS = YES_ERROR;
				CLANG_WARN_QUOTED_INCLUDE_IN_FRAMEWORK_HEADER = YES;
				CLANG_WARN_RANGE_LOOP_ANALYSIS = YES;
				CLANG_WARN_STRICT_PROTOTYPES = YES;
				CLANG_WARN_SUSPICIOUS_MOVE = YES;
				CLANG_WARN_UNGUARDED_AVAILABILITY = YES_AGGRESSIVE;
				CLANG_WARN_UNREACHABLE_CODE = YES;
				CLANG_WARN__DUPLICATE_METHOD_MATCH = YES;
				COPY_PHASE_STRIP = NO;
				DEBUG_INFORMATION_FORMAT = "dwarf-with-dsym";
				ENABLE_NS_ASSERTIONS = NO;
				ENABLE_STRICT_OBJC_MSGSEND = YES;
				GCC_C_LANGUAGE_STANDARD = gnu11;
				GCC_NO_COMMON_BLOCKS = YES;
				GCC_WARN_64_TO_32_BIT_CONVERSION = YES;
				GCC_WARN_ABOUT_RETURN_TYPE = YES_ERROR;
				GCC_WARN_UNDECLARED_SELECTOR = YES;
				GCC_WARN_UNINITIALIZED_AUTOS = YES_AGGRESSIVE;
				GCC_WARN_UNUSED_FUNCTION = YES;
				GCC_WARN_UNUSED_VARIABLE = YES;
				MTL_ENABLE_DEBUG_INFO = NO;
				MTL_FAST_MATH = YES;
				SWIFT_COMPILATION_MODE = wholemodule;
				SWIFT_OPTIMIZATION_LEVEL = "-O";
			};
			name = Release;
		};
		3856E5E327B1C427005E81ED /* Debug */ = {
			isa = XCBuildConfiguration;
			buildSettings = {
				ASSETCATALOG_COMPILER_APPICON_NAME = AppIcon;
				ASSETCATALOG_COMPILER_GLOBAL_ACCENT_COLOR_NAME = AccentColor;
				CODE_SIGN_STYLE = Automatic;
				CURRENT_PROJECT_VERSION = 1;
				DEVELOPMENT_TEAM = V3N8JZ2T92;
				ENABLE_PREVIEWS = YES;
				GENERATE_INFOPLIST_FILE = YES;
				INFOPLIST_KEY_UIApplicationSceneManifest_Generation = YES;
				INFOPLIST_KEY_UIApplicationSupportsIndirectInputEvents = YES;
				INFOPLIST_KEY_UILaunchScreen_Generation = YES;
				INFOPLIST_KEY_UISupportedInterfaceOrientations_iPad = "UIInterfaceOrientationPortrait UIInterfaceOrientationPortraitUpsideDown UIInterfaceOrientationLandscapeLeft UIInterfaceOrientationLandscapeRight";
				INFOPLIST_KEY_UISupportedInterfaceOrientations_iPhone = "UIInterfaceOrientationPortrait UIInterfaceOrientationLandscapeLeft UIInterfaceOrientationLandscapeRight";
				IPHONEOS_DEPLOYMENT_TARGET = 15.2;
				LD_RUNPATH_SEARCH_PATHS = (
					"$(inherited)",
					"@executable_path/Frameworks",
				);
				MARKETING_VERSION = 1.0;
				PRODUCT_BUNDLE_IDENTIFIER = net.deirdre.GuitarCloset;
				PRODUCT_NAME = GuitarCloset;
				SDKROOT = iphoneos;
				SWIFT_EMIT_LOC_STRINGS = YES;
				SWIFT_VERSION = 5.0;
				TARGETED_DEVICE_FAMILY = "1,2";
			};
			name = Debug;
		};
		3856E5E427B1C427005E81ED /* Release */ = {
			isa = XCBuildConfiguration;
			buildSettings = {
				ASSETCATALOG_COMPILER_APPICON_NAME = AppIcon;
				ASSETCATALOG_COMPILER_GLOBAL_ACCENT_COLOR_NAME = AccentColor;
				CODE_SIGN_STYLE = Automatic;
				CURRENT_PROJECT_VERSION = 1;
				DEVELOPMENT_TEAM = V3N8JZ2T92;
				ENABLE_PREVIEWS = YES;
				GENERATE_INFOPLIST_FILE = YES;
				INFOPLIST_KEY_UIApplicationSceneManifest_Generation = YES;
				INFOPLIST_KEY_UIApplicationSupportsIndirectInputEvents = YES;
				INFOPLIST_KEY_UILaunchScreen_Generation = YES;
				INFOPLIST_KEY_UISupportedInterfaceOrientations_iPad = "UIInterfaceOrientationPortrait UIInterfaceOrientationPortraitUpsideDown UIInterfaceOrientationLandscapeLeft UIInterfaceOrientationLandscapeRight";
				INFOPLIST_KEY_UISupportedInterfaceOrientations_iPhone = "UIInterfaceOrientationPortrait UIInterfaceOrientationLandscapeLeft UIInterfaceOrientationLandscapeRight";
				IPHONEOS_DEPLOYMENT_TARGET = 15.2;
				LD_RUNPATH_SEARCH_PATHS = (
					"$(inherited)",
					"@executable_path/Frameworks",
				);
				MARKETING_VERSION = 1.0;
				PRODUCT_BUNDLE_IDENTIFIER = net.deirdre.GuitarCloset;
				PRODUCT_NAME = GuitarCloset;
				SDKROOT = iphoneos;
				SWIFT_EMIT_LOC_STRINGS = YES;
				SWIFT_VERSION = 5.0;
				TARGETED_DEVICE_FAMILY = "1,2";
				VALIDATE_PRODUCT = YES;
			};
			name = Release;
		};
		3856E5E627B1C427005E81ED /* Debug */ = {
			isa = XCBuildConfiguration;
			buildSettings = {
				ASSETCATALOG_COMPILER_APPICON_NAME = AppIcon;
				ASSETCATALOG_COMPILER_GLOBAL_ACCENT_COLOR_NAME = AccentColor;
				CODE_SIGN_ENTITLEMENTS = macOS/macOS.entitlements;
				CODE_SIGN_STYLE = Automatic;
				COMBINE_HIDPI_IMAGES = YES;
				CURRENT_PROJECT_VERSION = 1;
				DEVELOPMENT_TEAM = V3N8JZ2T92;
				ENABLE_HARDENED_RUNTIME = YES;
				ENABLE_PREVIEWS = YES;
				GENERATE_INFOPLIST_FILE = YES;
				INFOPLIST_KEY_NSHumanReadableCopyright = "";
				LD_RUNPATH_SEARCH_PATHS = (
					"$(inherited)",
					"@executable_path/../Frameworks",
				);
				MACOSX_DEPLOYMENT_TARGET = 12.1;
				MARKETING_VERSION = 1.0;
				PRODUCT_BUNDLE_IDENTIFIER = net.deirdre.GuitarCloset;
				PRODUCT_NAME = GuitarCloset;
				SDKROOT = macosx;
				SWIFT_EMIT_LOC_STRINGS = YES;
				SWIFT_VERSION = 5.0;
			};
			name = Debug;
		};
		3856E5E727B1C427005E81ED /* Release */ = {
			isa = XCBuildConfiguration;
			buildSettings = {
				ASSETCATALOG_COMPILER_APPICON_NAME = AppIcon;
				ASSETCATALOG_COMPILER_GLOBAL_ACCENT_COLOR_NAME = AccentColor;
				CODE_SIGN_ENTITLEMENTS = macOS/macOS.entitlements;
				CODE_SIGN_STYLE = Automatic;
				COMBINE_HIDPI_IMAGES = YES;
				CURRENT_PROJECT_VERSION = 1;
				DEVELOPMENT_TEAM = V3N8JZ2T92;
				ENABLE_HARDENED_RUNTIME = YES;
				ENABLE_PREVIEWS = YES;
				GENERATE_INFOPLIST_FILE = YES;
				INFOPLIST_KEY_NSHumanReadableCopyright = "";
				LD_RUNPATH_SEARCH_PATHS = (
					"$(inherited)",
					"@executable_path/../Frameworks",
				);
				MACOSX_DEPLOYMENT_TARGET = 12.1;
				MARKETING_VERSION = 1.0;
				PRODUCT_BUNDLE_IDENTIFIER = net.deirdre.GuitarCloset;
				PRODUCT_NAME = GuitarCloset;
				SDKROOT = macosx;
				SWIFT_EMIT_LOC_STRINGS = YES;
				SWIFT_VERSION = 5.0;
			};
			name = Release;
		};
		3856E5E927B1C427005E81ED /* Debug */ = {
			isa = XCBuildConfiguration;
			buildSettings = {
				ALWAYS_EMBED_SWIFT_STANDARD_LIBRARIES = YES;
				CODE_SIGN_STYLE = Automatic;
				CURRENT_PROJECT_VERSION = 1;
				DEVELOPMENT_TEAM = V3N8JZ2T92;
				GENERATE_INFOPLIST_FILE = YES;
				IPHONEOS_DEPLOYMENT_TARGET = 15.2;
				MARKETING_VERSION = 1.0;
				PRODUCT_BUNDLE_IDENTIFIER = "net.deirdre.Tests-iOS";
				PRODUCT_NAME = "$(TARGET_NAME)";
				SDKROOT = iphoneos;
				SWIFT_EMIT_LOC_STRINGS = NO;
				SWIFT_VERSION = 5.0;
				TARGETED_DEVICE_FAMILY = "1,2";
				TEST_TARGET_NAME = "GuitarCloset (iOS)";
			};
			name = Debug;
		};
		3856E5EA27B1C427005E81ED /* Release */ = {
			isa = XCBuildConfiguration;
			buildSettings = {
				ALWAYS_EMBED_SWIFT_STANDARD_LIBRARIES = YES;
				CODE_SIGN_STYLE = Automatic;
				CURRENT_PROJECT_VERSION = 1;
				DEVELOPMENT_TEAM = V3N8JZ2T92;
				GENERATE_INFOPLIST_FILE = YES;
				IPHONEOS_DEPLOYMENT_TARGET = 15.2;
				MARKETING_VERSION = 1.0;
				PRODUCT_BUNDLE_IDENTIFIER = "net.deirdre.Tests-iOS";
				PRODUCT_NAME = "$(TARGET_NAME)";
				SDKROOT = iphoneos;
				SWIFT_EMIT_LOC_STRINGS = NO;
				SWIFT_VERSION = 5.0;
				TARGETED_DEVICE_FAMILY = "1,2";
				TEST_TARGET_NAME = "GuitarCloset (iOS)";
				VALIDATE_PRODUCT = YES;
			};
			name = Release;
		};
		3856E5EC27B1C427005E81ED /* Debug */ = {
			isa = XCBuildConfiguration;
			buildSettings = {
				ALWAYS_EMBED_SWIFT_STANDARD_LIBRARIES = YES;
				CODE_SIGN_STYLE = Automatic;
				CURRENT_PROJECT_VERSION = 1;
				DEVELOPMENT_TEAM = V3N8JZ2T92;
				GENERATE_INFOPLIST_FILE = YES;
				MACOSX_DEPLOYMENT_TARGET = 12.1;
				MARKETING_VERSION = 1.0;
				PRODUCT_BUNDLE_IDENTIFIER = "net.deirdre.Tests-macOS";
				PRODUCT_NAME = "$(TARGET_NAME)";
				SDKROOT = macosx;
				SWIFT_EMIT_LOC_STRINGS = NO;
				SWIFT_VERSION = 5.0;
				TEST_TARGET_NAME = "GuitarCloset (macOS)";
			};
			name = Debug;
		};
		3856E5ED27B1C427005E81ED /* Release */ = {
			isa = XCBuildConfiguration;
			buildSettings = {
				ALWAYS_EMBED_SWIFT_STANDARD_LIBRARIES = YES;
				CODE_SIGN_STYLE = Automatic;
				CURRENT_PROJECT_VERSION = 1;
				DEVELOPMENT_TEAM = V3N8JZ2T92;
				GENERATE_INFOPLIST_FILE = YES;
				MACOSX_DEPLOYMENT_TARGET = 12.1;
				MARKETING_VERSION = 1.0;
				PRODUCT_BUNDLE_IDENTIFIER = "net.deirdre.Tests-macOS";
				PRODUCT_NAME = "$(TARGET_NAME)";
				SDKROOT = macosx;
				SWIFT_EMIT_LOC_STRINGS = NO;
				SWIFT_VERSION = 5.0;
				TEST_TARGET_NAME = "GuitarCloset (macOS)";
			};
			name = Release;
		};
/* End XCBuildConfiguration section */

/* Begin XCConfigurationList section */
		3856E5A927B1C426005E81ED /* Build configuration list for PBXProject "GuitarCloset" */ = {
			isa = XCConfigurationList;
			buildConfigurations = (
				3856E5E027B1C427005E81ED /* Debug */,
				3856E5E127B1C427005E81ED /* Release */,
			);
			defaultConfigurationIsVisible = 0;
			defaultConfigurationName = Release;
		};
		3856E5E227B1C427005E81ED /* Build configuration list for PBXNativeTarget "GuitarCloset (iOS)" */ = {
			isa = XCConfigurationList;
			buildConfigurations = (
				3856E5E327B1C427005E81ED /* Debug */,
				3856E5E427B1C427005E81ED /* Release */,
			);
			defaultConfigurationIsVisible = 0;
			defaultConfigurationName = Release;
		};
		3856E5E527B1C427005E81ED /* Build configuration list for PBXNativeTarget "GuitarCloset (macOS)" */ = {
			isa = XCConfigurationList;
			buildConfigurations = (
				3856E5E627B1C427005E81ED /* Debug */,
				3856E5E727B1C427005E81ED /* Release */,
			);
			defaultConfigurationIsVisible = 0;
			defaultConfigurationName = Release;
		};
		3856E5E827B1C427005E81ED /* Build configuration list for PBXNativeTarget "Tests iOS" */ = {
			isa = XCConfigurationList;
			buildConfigurations = (
				3856E5E927B1C427005E81ED /* Debug */,
				3856E5EA27B1C427005E81ED /* Release */,
			);
			defaultConfigurationIsVisible = 0;
			defaultConfigurationName = Release;
		};
		3856E5EB27B1C427005E81ED /* Build configuration list for PBXNativeTarget "Tests macOS" */ = {
			isa = XCConfigurationList;
			buildConfigurations = (
				3856E5EC27B1C427005E81ED /* Debug */,
				3856E5ED27B1C427005E81ED /* Release */,
			);
			defaultConfigurationIsVisible = 0;
			defaultConfigurationName = Release;
		};
/* End XCConfigurationList section */

/* Begin XCVersionGroup section */
		3856E5AB27B1C426005E81ED /* GuitarCloset.xcdatamodeld */ = {
			isa = XCVersionGroup;
			children = (
				3856E5AC27B1C426005E81ED /* Shared.xcdatamodel */,
			);
			currentVersion = 3856E5AC27B1C426005E81ED /* Shared.xcdatamodel */;
			path = GuitarCloset.xcdatamodeld;
			sourceTree = "<group>";
			versionGroupType = wrapper.xcdatamodel;
		};
/* End XCVersionGroup section */
	};
	rootObject = 3856E5A627B1C426005E81ED /* Project object */;
}
